
Microsoft Visual Studio Solution File, Format Version 12.00
# Visual Studio 2012
Project("{FAE04EC0-301F-11D3-BF4B-00C04F79EFBC}") = "CurveFitterGUI", "Fit Growth Curves\CurveFitterGUI.csproj", "{133B4212-8C0C-41A3-B1FF-6A41BD780337}"
EndProject
Project("{FAE04EC0-301F-11D3-BF4B-00C04F79EFBC}") = "MatrixArrayPlot", "MatrixArrayPlot\MatrixArrayPlot\MatrixArrayPlot.csproj", "{186DE3C8-1C26-4C97-9C83-9F5C74A8860C}"
EndProject
Project("{FAE04EC0-301F-11D3-BF4B-00C04F79EFBC}") = "GrowthCurveLibrary", "GrowthCurveLibrary\GrowthCurveLibrary.csproj", "{BAA4F5F2-EDCA-4CF4-96D4-D076ABDA1459}"
EndProject
Global
	GlobalSection(SolutionConfigurationPlatforms) = preSolution
		Debug|Any CPU = Debug|Any CPU
		Debug|Mixed Platforms = Debug|Mixed Platforms
		Debug|x86 = Debug|x86
		Release|Any CPU = Release|Any CPU
		Release|Mixed Platforms = Release|Mixed Platforms
		Release|x86 = Release|x86
	EndGlobalSection
	GlobalSection(ProjectConfigurationPlatforms) = postSolution
		{133B4212-8C0C-41A3-B1FF-6A41BD780337}.Debug|Any CPU.ActiveCfg = Debug|Any CPU
		{133B4212-8C0C-41A3-B1FF-6A41BD780337}.Debug|Any CPU.Build.0 = Debug|Any CPU
		{133B4212-8C0C-41A3-B1FF-6A41BD780337}.Debug|Mixed Platforms.ActiveCfg = Debug|Any CPU
		{133B4212-8C0C-41A3-B1FF-6A41BD780337}.Debug|Mixed Platforms.Build.0 = Debug|Any CPU
		{133B4212-8C0C-41A3-B1FF-6A41BD780337}.Debug|x86.ActiveCfg = Debug|Any CPU
		{133B4212-8C0C-41A3-B1FF-6A41BD780337}.Release|Any CPU.ActiveCfg = Release|Any CPU
		{133B4212-8C0C-41A3-B1FF-6A41BD780337}.Release|Any CPU.Build.0 = Release|Any CPU
		{133B4212-8C0C-41A3-B1FF-6A41BD780337}.Release|Mixed Platforms.ActiveCfg = Release|Any CPU
		{133B4212-8C0C-41A3-B1FF-6A41BD780337}.Release|Mixed Platforms.Build.0 = Release|Any CPU
		{133B4212-8C0C-41A3-B1FF-6A41BD780337}.Release|x86.ActiveCfg = Release|Any CPU
		{133B4212-8C0C-41A3-B1FF-6A41BD780337}.Release|x86.Build.0 = Release|Any CPU
		{186DE3C8-1C26-4C97-9C83-9F5C74A8860C}.Debug|Any CPU.ActiveCfg = Debug|Any CPU
		{186DE3C8-1C26-4C97-9C83-9F5C74A8860C}.Debug|Any CPU.Build.0 = Debug|Any CPU
		{186DE3C8-1C26-4C97-9C83-9F5C74A8860C}.Debug|Mixed Platforms.ActiveCfg = Debug|Any CPU
		{186DE3C8-1C26-4C97-9C83-9F5C74A8860C}.Debug|Mixed Platforms.Build.0 = Debug|Any CPU
		{186DE3C8-1C26-4C97-9C83-9F5C74A8860C}.Debug|x86.ActiveCfg = Debug|Any CPU
		{186DE3C8-1C26-4C97-9C83-9F5C74A8860C}.Release|Any CPU.ActiveCfg = Release|Any CPU
		{186DE3C8-1C26-4C97-9C83-9F5C74A8860C}.Release|Any CPU.Build.0 = Release|Any CPU
		{186DE3C8-1C26-4C97-9C83-9F5C74A8860C}.Release|Mixed Platforms.ActiveCfg = Release|Any CPU
		{186DE3C8-1C26-4C97-9C83-9F5C74A8860C}.Release|Mixed Platforms.Build.0 = Release|Any CPU
		{186DE3C8-1C26-4C97-9C83-9F5C74A8860C}.Release|x86.ActiveCfg = Release|Any CPU
		{186DE3C8-1C26-4C97-9C83-9F5C74A8860C}.Release|x86.Build.0 = Release|Any CPU
		{BAA4F5F2-EDCA-4CF4-96D4-D076ABDA1459}.Debug|Any CPU.ActiveCfg = Debug|Any CPU
		{BAA4F5F2-EDCA-4CF4-96D4-D076ABDA1459}.Debug|Any CPU.Build.0 = Debug|Any CPU
		{BAA4F5F2-EDCA-4CF4-96D4-D076ABDA1459}.Debug|Mixed Platforms.ActiveCfg = Debug|Any CPU
		{BAA4F5F2-EDCA-4CF4-96D4-D076ABDA1459}.Debug|Mixed Platforms.Build.0 = Debug|Any CPU
		{BAA4F5F2-EDCA-4CF4-96D4-D076ABDA1459}.Debug|x86.ActiveCfg = Debug|Any CPU
		{BAA4F5F2-EDCA-4CF4-96D4-D076ABDA1459}.Release|Any CPU.ActiveCfg = Release|Any CPU
		{BAA4F5F2-EDCA-4CF4-96D4-D076ABDA1459}.Release|Any CPU.Build.0 = Release|Any CPU
		{BAA4F5F2-EDCA-4CF4-96D4-D076ABDA1459}.Release|Mixed Platforms.ActiveCfg = Release|Any CPU
		{BAA4F5F2-EDCA-4CF4-96D4-D076ABDA1459}.Release|Mixed Platforms.Build.0 = Release|Any CPU
		{BAA4F5F2-EDCA-4CF4-96D4-D076ABDA1459}.Release|x86.ActiveCfg = Release|Any CPU
		{BAA4F5F2-EDCA-4CF4-96D4-D076ABDA1459}.Release|x86.Build.0 = Release|Any CPU
	EndGlobalSection
	GlobalSection(SolutionProperties) = preSolution
		HideSolutionNode = FALSE
	EndGlobalSection
EndGlobal
